{
  "nodes": {
    "home-manager": {
      "inputs": {
        "nixpkgs": [
          "nixpkgs"
        ]
      },
      "locked": {
        "lastModified": 1750792728,
        "narHash": "sha256-Lh3dopA8DdY+ZoaAJPrtkZOZaFEJGSYjOdAYYgOPgE4=",
        "owner": "nix-community",
        "repo": "home-manager",
        "rev": "366f00797b1efb70f2882d3da485e3c10fd3d557",
        "type": "github"
      },
      "original": {
        "owner": "nix-community",
        "ref": "release-25.05",
        "repo": "home-manager",
        "type": "github"
      }
    },
    "home-manager_2": {
      "inputs": {
        "nixpkgs": [
          "zen-browser",
          "nixpkgs"
        ]
      },
      "locked": {
        "lastModified": 1743604125,
        "narHash": "sha256-ZD61DNbsBt1mQbinAaaEqKaJk2RFo9R/j+eYWeGMx7A=",
        "owner": "nix-community",
        "repo": "home-manager",
        "rev": "180fd43eea296e62ae68e079fcf56aba268b9a1a",
        "type": "github"
      },
      "original": {
        "owner": "nix-community",
        "repo": "home-manager",
        "type": "github"
      }
    },
    "niri": {
      "inputs": {
        "niri-stable": "niri-stable",
        "niri-unstable": "niri-unstable",
        "nixpkgs": [
          "nixpkgs"
        ],
        "nixpkgs-stable": "nixpkgs-stable",
        "xwayland-satellite-stable": "xwayland-satellite-stable",
        "xwayland-satellite-unstable": "xwayland-satellite-unstable"
      },
      "locked": {
        "lastModified": 1750920099,
        "narHash": "sha256-Nt906asgI25vQ+/FFHpZ2VeS8N3EMxRBlt9o7F2+Ib8=",
        "owner": "sodiboo",
        "repo": "niri-flake",
        "rev": "151cff5b067b51384cf88d5bd5a4ec74b5984c7c",
        "type": "github"
      },
      "original": {
        "owner": "sodiboo",
        "ref": "main",
        "repo": "niri-flake",
        "type": "github"
      }
    },
    "niri-stable": {
      "flake": false,
      "locked": {
        "lastModified": 1748151941,
        "narHash": "sha256-z4viQZLgC2bIJ3VrzQnR+q2F3gAOEQpU1H5xHtX/2fs=",
        "owner": "YaLTeR",
        "repo": "niri",
        "rev": "8ba57fcf25d2fc9565131684a839d58703f1dae7",
        "type": "github"
      },
      "original": {
        "owner": "YaLTeR",
        "ref": "v25.05.1",
        "repo": "niri",
        "type": "github"
      }
    },
    "niri-unstable": {
      "flake": false,
      "locked": {
        "lastModified": 1750791124,
        "narHash": "sha256-F5iVU/hjoSHSSe0gllxm0PcAaseEtGNanYK5Ha3k2Tg=",
        "owner": "YaLTeR",
        "repo": "niri",
        "rev": "37458d94b288945f6cfbd3c5c233f634d59f246c",
        "type": "github"
      },
      "original": {
        "owner": "YaLTeR",
        "repo": "niri",
        "type": "github"
      }
    },
    "nixos-hardware": {
      "locked": {
        "lastModified": 1749832440,
        "narHash": "sha256-lfxhuxAaHlYFGr8yOrAXZqdMt8PrFLzjVqH9v3lQaoY=",
        "owner": "nixos",
        "repo": "nixos-hardware",
        "rev": "db030f62a449568345372bd62ed8c5be4824fa49",
        "type": "github"
      },
      "original": {
        "owner": "nixos",
        "repo": "nixos-hardware",
        "type": "github"
      }
    },
    "nixpkgs": {
      "locked": {
        "lastModified": 1749857119,
        "narHash": "sha256-tG5xUn3hFaPpAHYIvr2F88b+ovcIO5k1HqajFy7ZFPM=",
        "owner": "NixOS",
        "repo": "nixpkgs",
        "rev": "5f4f306bea96741f1588ea4f450b2a2e29f42b98",
        "type": "github"
      },
      "original": {
        "id": "nixpkgs",
        "ref": "nixos-25.05",
        "type": "indirect"
      }
    },
    "nixpkgs-stable": {
      "locked": {
        "lastModified": 1750838302,
        "narHash": "sha256-aVkL3/yu50oQzi2YuKo0ceiCypVZpZXYd2P2p1FMJM4=",
        "owner": "NixOS",
        "repo": "nixpkgs",
        "rev": "7284e2decc982b81a296ab35aa46e804baaa1cfe",
        "type": "github"
      },
      "original": {
        "owner": "NixOS",
        "ref": "nixos-25.05",
        "repo": "nixpkgs",
        "type": "github"
      }
    },
    "nixpkgs_2": {
      "locked": {
        "lastModified": 1743448293,
        "narHash": "sha256-bmEPmSjJakAp/JojZRrUvNcDX2R5/nuX6bm+seVaGhs=",
        "owner": "nixos",
        "repo": "nixpkgs",
        "rev": "77b584d61ff80b4cef9245829a6f1dfad5afdfa3",
        "type": "github"
      },
      "original": {
        "owner": "nixos",
        "ref": "nixos-unstable",
        "repo": "nixpkgs",
        "type": "github"
      }
    },
    "root": {
      "inputs": {
        "home-manager": "home-manager",
        "niri": "niri",
        "nixos-hardware": "nixos-hardware",
        "nixpkgs": "nixpkgs",
        "zen-browser": "zen-browser"
      }
    },
    "xwayland-satellite-stable": {
      "flake": false,
      "locked": {
        "lastModified": 1748488455,
        "narHash": "sha256-IiLr1alzKFIy5tGGpDlabQbe6LV1c9ABvkH6T5WmyRI=",
        "owner": "Supreeeme",
        "repo": "xwayland-satellite",
        "rev": "3ba30b149f9eb2bbf42cf4758d2158ca8cceef73",
        "type": "github"
      },
      "original": {
        "owner": "Supreeeme",
        "ref": "v0.6",
        "repo": "xwayland-satellite",
        "type": "github"
      }
    },
    "xwayland-satellite-unstable": {
      "flake": false,
      "locked": {
        "lastModified": 1750821680,
        "narHash": "sha256-Bu5unTxnqok2RoU5P394Gh0vRaoyI/5xlOOJDF6akrc=",
        "owner": "Supreeeme",
        "repo": "xwayland-satellite",
        "rev": "2e7c318ac2bbf699b6ab92ef91e661e16415dfac",
        "type": "github"
      },
      "original": {
        "owner": "Supreeeme",
        "repo": "xwayland-satellite",
        "type": "github"
      }
    },
    "zen-browser": {
      "inputs": {
        "home-manager": "home-manager_2",
        "nixpkgs": "nixpkgs_2"
      },
      "locked": {
        "lastModified": 1750825830,
        "narHash": "sha256-XZPouU2n9BWp0d363eaIPLlxall3aTrNCgeba3MusXA=",
        "owner": "0xc000022070",
        "repo": "zen-browser-flake",
        "rev": "3273db752bf1a61a0b734e521aa6377fd2e9a942",
        "type": "github"
      },
      "original": {
        "owner": "0xc000022070",
        "repo": "zen-browser-flake",
        "type": "github"
      }
    }
  },
  "root": "root",
  "version": 7
}
